
Microsoft Visual Studio Solution File, Format Version 12.00
# Visual Studio Version 17
VisualStudioVersion = 17.0.32014.148
MinimumVisualStudioVersion = 10.0.40219.1
Project("{2150E333-8FDC-42A3-9474-1A3956D46DE8}") = "Web", "Web", "{99B0ED46-7EC7-41DE-BE42-BAABD51867D0}"
EndProject
Project("{2150E333-8FDC-42A3-9474-1A3956D46DE8}") = "Business", "Business", "{4C90A945-4C94-4887-B983-027126D344E8}"
EndProject
Project("{9A19103F-16F7-4668-BE54-9A1E7A4F7556}") = "Saas.DataAccess", "Saas.DataAccess\Saas.DataAccess.csproj", "{3DC0D0D8-A499-4EE2-B885-0CF968E4E443}"
EndProject
Project("{9A19103F-16F7-4668-BE54-9A1E7A4F7556}") = "Saas.MVCUiCore", "Saas.MVCUiCore\Saas.MVCUiCore.csproj", "{D65A24EC-C700-4C6E-A1C0-5381FFCEFDD7}"
EndProject
Project("{9A19103F-16F7-4668-BE54-9A1E7A4F7556}") = "Saas.WebCoreApi", "Saas.WebCoreApi\Saas.WebCoreApi.csproj", "{BD980079-23FC-4679-A116-A8C22FA67BE6}"
EndProject
Project("{2150E333-8FDC-42A3-9474-1A3956D46DE8}") = "DataAccess", "DataAccess", "{750AE9D9-BC24-4C6F-BE7B-D187089FCB2D}"
EndProject
Project("{9A19103F-16F7-4668-BE54-9A1E7A4F7556}") = "Saas.Entities", "Saas.Entities\Saas.Entities.csproj", "{79996286-E52F-47FF-A636-D37895F8772F}"
EndProject
Project("{2150E333-8FDC-42A3-9474-1A3956D46DE8}") = "TestUi-NotFinished", "TestUi-NotFinished", "{AB9927B1-E5C1-4948-82F2-3EEB285B3375}"
EndProject
Project("{9A19103F-16F7-4668-BE54-9A1E7A4F7556}") = "Saas.MVCUiCore.Test", "Saas.MVCUiCore.Test\Saas.MVCUiCore.Test.csproj", "{ADBCA189-0930-4C2A-86AA-AD10E3DE7748}"
EndProject
Project("{9A19103F-16F7-4668-BE54-9A1E7A4F7556}") = "Saas.WebCoreApi.Test", "Saas.WebCoreApi.Test\Saas.WebCoreApi.Test.csproj", "{D963D264-8C97-4B05-9099-8DB72F95613C}"
EndProject
Project("{2150E333-8FDC-42A3-9474-1A3956D46DE8}") = "Core", "Core", "{F2EBBBE8-0C08-4173-933B-121AC3D80536}"
EndProject
Project("{9A19103F-16F7-4668-BE54-9A1E7A4F7556}") = "Saas.Business", "Saas.Business\Saas.Business.csproj", "{F487B2DA-63D0-4526-8EC1-D3A1DBC438A4}"
EndProject
Project("{9A19103F-16F7-4668-BE54-9A1E7A4F7556}") = "Saas.Core", "Saas.Core\Saas.Core.csproj", "{88521162-ABE6-46DF-A977-73892222DCB4}"
EndProject
Project("{2150E333-8FDC-42A3-9474-1A3956D46DE8}") = "PostmanScript", "PostmanScript", "{D481953E-DDAD-444E-8B87-4D37AC3F3582}"
	ProjectSection(SolutionItems) = preProject
		LocalTest.postman_collection.json = LocalTest.postman_collection.json
	EndProjectSection
EndProject
Project("{2150E333-8FDC-42A3-9474-1A3956D46DE8}") = "ReadMe", "ReadMe", "{CB91B481-2051-4076-B78C-3028C8FD5DC1}"
	ProjectSection(SolutionItems) = preProject
		ReadMe.txt = ReadMe.txt
	EndProjectSection
EndProject
Global
	GlobalSection(SolutionConfigurationPlatforms) = preSolution
		Debug|Any CPU = Debug|Any CPU
		Release|Any CPU = Release|Any CPU
	EndGlobalSection
	GlobalSection(ProjectConfigurationPlatforms) = postSolution
		{3DC0D0D8-A499-4EE2-B885-0CF968E4E443}.Debug|Any CPU.ActiveCfg = Debug|Any CPU
		{3DC0D0D8-A499-4EE2-B885-0CF968E4E443}.Debug|Any CPU.Build.0 = Debug|Any CPU
		{3DC0D0D8-A499-4EE2-B885-0CF968E4E443}.Release|Any CPU.ActiveCfg = Release|Any CPU
		{3DC0D0D8-A499-4EE2-B885-0CF968E4E443}.Release|Any CPU.Build.0 = Release|Any CPU
		{D65A24EC-C700-4C6E-A1C0-5381FFCEFDD7}.Debug|Any CPU.ActiveCfg = Debug|Any CPU
		{D65A24EC-C700-4C6E-A1C0-5381FFCEFDD7}.Debug|Any CPU.Build.0 = Debug|Any CPU
		{D65A24EC-C700-4C6E-A1C0-5381FFCEFDD7}.Release|Any CPU.ActiveCfg = Release|Any CPU
		{D65A24EC-C700-4C6E-A1C0-5381FFCEFDD7}.Release|Any CPU.Build.0 = Release|Any CPU
		{BD980079-23FC-4679-A116-A8C22FA67BE6}.Debug|Any CPU.ActiveCfg = Debug|Any CPU
		{BD980079-23FC-4679-A116-A8C22FA67BE6}.Debug|Any CPU.Build.0 = Debug|Any CPU
		{BD980079-23FC-4679-A116-A8C22FA67BE6}.Release|Any CPU.ActiveCfg = Release|Any CPU
		{BD980079-23FC-4679-A116-A8C22FA67BE6}.Release|Any CPU.Build.0 = Release|Any CPU
		{79996286-E52F-47FF-A636-D37895F8772F}.Debug|Any CPU.ActiveCfg = Debug|Any CPU
		{79996286-E52F-47FF-A636-D37895F8772F}.Debug|Any CPU.Build.0 = Debug|Any CPU
		{79996286-E52F-47FF-A636-D37895F8772F}.Release|Any CPU.ActiveCfg = Release|Any CPU
		{79996286-E52F-47FF-A636-D37895F8772F}.Release|Any CPU.Build.0 = Release|Any CPU
		{ADBCA189-0930-4C2A-86AA-AD10E3DE7748}.Debug|Any CPU.ActiveCfg = Debug|Any CPU
		{ADBCA189-0930-4C2A-86AA-AD10E3DE7748}.Debug|Any CPU.Build.0 = Debug|Any CPU
		{ADBCA189-0930-4C2A-86AA-AD10E3DE7748}.Release|Any CPU.ActiveCfg = Release|Any CPU
		{ADBCA189-0930-4C2A-86AA-AD10E3DE7748}.Release|Any CPU.Build.0 = Release|Any CPU
		{D963D264-8C97-4B05-9099-8DB72F95613C}.Debug|Any CPU.ActiveCfg = Debug|Any CPU
		{D963D264-8C97-4B05-9099-8DB72F95613C}.Debug|Any CPU.Build.0 = Debug|Any CPU
		{D963D264-8C97-4B05-9099-8DB72F95613C}.Release|Any CPU.ActiveCfg = Release|Any CPU
		{D963D264-8C97-4B05-9099-8DB72F95613C}.Release|Any CPU.Build.0 = Release|Any CPU
		{F487B2DA-63D0-4526-8EC1-D3A1DBC438A4}.Debug|Any CPU.ActiveCfg = Debug|Any CPU
		{F487B2DA-63D0-4526-8EC1-D3A1DBC438A4}.Debug|Any CPU.Build.0 = Debug|Any CPU
		{F487B2DA-63D0-4526-8EC1-D3A1DBC438A4}.Release|Any CPU.ActiveCfg = Release|Any CPU
		{F487B2DA-63D0-4526-8EC1-D3A1DBC438A4}.Release|Any CPU.Build.0 = Release|Any CPU
		{88521162-ABE6-46DF-A977-73892222DCB4}.Debug|Any CPU.ActiveCfg = Debug|Any CPU
		{88521162-ABE6-46DF-A977-73892222DCB4}.Debug|Any CPU.Build.0 = Debug|Any CPU
		{88521162-ABE6-46DF-A977-73892222DCB4}.Release|Any CPU.ActiveCfg = Release|Any CPU
		{88521162-ABE6-46DF-A977-73892222DCB4}.Release|Any CPU.Build.0 = Release|Any CPU
	EndGlobalSection
	GlobalSection(SolutionProperties) = preSolution
		HideSolutionNode = FALSE
	EndGlobalSection
	GlobalSection(NestedProjects) = preSolution
		{3DC0D0D8-A499-4EE2-B885-0CF968E4E443} = {750AE9D9-BC24-4C6F-BE7B-D187089FCB2D}
		{D65A24EC-C700-4C6E-A1C0-5381FFCEFDD7} = {99B0ED46-7EC7-41DE-BE42-BAABD51867D0}
		{BD980079-23FC-4679-A116-A8C22FA67BE6} = {99B0ED46-7EC7-41DE-BE42-BAABD51867D0}
		{79996286-E52F-47FF-A636-D37895F8772F} = {750AE9D9-BC24-4C6F-BE7B-D187089FCB2D}
		{ADBCA189-0930-4C2A-86AA-AD10E3DE7748} = {AB9927B1-E5C1-4948-82F2-3EEB285B3375}
		{D963D264-8C97-4B05-9099-8DB72F95613C} = {AB9927B1-E5C1-4948-82F2-3EEB285B3375}
		{F487B2DA-63D0-4526-8EC1-D3A1DBC438A4} = {4C90A945-4C94-4887-B983-027126D344E8}
		{88521162-ABE6-46DF-A977-73892222DCB4} = {F2EBBBE8-0C08-4173-933B-121AC3D80536}
	EndGlobalSection
	GlobalSection(ExtensibilityGlobals) = postSolution
		SolutionGuid = {E405EC56-552C-4DE5-9C3A-332D1D15C10B}
	EndGlobalSection
EndGlobal
